// !$*UTF8*$!
{
	archiveVersion = 1;
	classes = {
	};
	objectVersion = 48;
	objects = {

/* Begin PBXBuildFile section */
		3750608F1FC0B57300BBB14D /* OriginUITabBarController.swift in Sources */ = {isa = PBXBuildFile; fileRef = 3750608E1FC0B57300BBB14D /* OriginUITabBarController.swift */; };
		375060911FC0B99C00BBB14D /* OriginUInavigationController.swift in Sources */ = {isa = PBXBuildFile; fileRef = 375060901FC0B99C00BBB14D /* OriginUInavigationController.swift */; };
		375060931FC0BE4F00BBB14D /* ChatViewController.swift in Sources */ = {isa = PBXBuildFile; fileRef = 375060921FC0BE4F00BBB14D /* ChatViewController.swift */; };
		3777C1911FC100EC00D3562D /* ReadCard.swift in Sources */ = {isa = PBXBuildFile; fileRef = 3777C1901FC100EC00D3562D /* ReadCard.swift */; };
		3777C1931FC1011400D3562D /* Card.swift in Sources */ = {isa = PBXBuildFile; fileRef = 3777C1921FC1011400D3562D /* Card.swift */; };
		3786DCE51FC00EA700E80AB9 /* AppDelegate.swift in Sources */ = {isa = PBXBuildFile; fileRef = 3786DCE41FC00EA700E80AB9 /* AppDelegate.swift */; };
		3786DCEE1FC00EA700E80AB9 /* Assets.xcassets in Resources */ = {isa = PBXBuildFile; fileRef = 3786DCED1FC00EA700E80AB9 /* Assets.xcassets */; };
		3786DCF11FC00EA700E80AB9 /* LaunchScreen.storyboard in Resources */ = {isa = PBXBuildFile; fileRef = 3786DCEF1FC00EA700E80AB9 /* LaunchScreen.storyboard */; };
		3786DCF91FC0136E00E80AB9 /* SignUp.storyboard in Resources */ = {isa = PBXBuildFile; fileRef = 3786DCF81FC0136E00E80AB9 /* SignUp.storyboard */; };
		3786DCFE1FC016A100E80AB9 /* Main.storyboard in Resources */ = {isa = PBXBuildFile; fileRef = 3786DCFD1FC016A100E80AB9 /* Main.storyboard */; };
		3786DD001FC01EBE00E80AB9 /* MyProfile.storyboard in Resources */ = {isa = PBXBuildFile; fileRef = 3786DCFF1FC01EBE00E80AB9 /* MyProfile.storyboard */; };
		3786DD021FC01EC900E80AB9 /* Chat.storyboard in Resources */ = {isa = PBXBuildFile; fileRef = 3786DD011FC01EC900E80AB9 /* Chat.storyboard */; };
		3786DD041FC01EE300E80AB9 /* UserProfile.storyboard in Resources */ = {isa = PBXBuildFile; fileRef = 3786DD031FC01EE300E80AB9 /* UserProfile.storyboard */; };
		3786DD061FC0217800E80AB9 /* TimeLine.storyboard in Resources */ = {isa = PBXBuildFile; fileRef = 3786DD051FC0217800E80AB9 /* TimeLine.storyboard */; };
		3786DD161FC0545E00E80AB9 /* Card.xib in Resources */ = {isa = PBXBuildFile; fileRef = 3786DD151FC0545E00E80AB9 /* Card.xib */; };
		3786DD1B1FC0576400E80AB9 /* sample1.png in Resources */ = {isa = PBXBuildFile; fileRef = 3786DD1A1FC0576400E80AB9 /* sample1.png */; };
		E52F159891594EBC0665E7B7 /* Pods_GENEPSE.framework in Frameworks */ = {isa = PBXBuildFile; fileRef = 06132015016BA89DF8EF0BF7 /* Pods_GENEPSE.framework */; };
/* End PBXBuildFile section */

/* Begin PBXFileReference section */
		06132015016BA89DF8EF0BF7 /* Pods_GENEPSE.framework */ = {isa = PBXFileReference; explicitFileType = wrapper.framework; includeInIndex = 0; path = Pods_GENEPSE.framework; sourceTree = BUILT_PRODUCTS_DIR; };
		1B2D48B6F4244B63C896318B /* Pods-GENEPSE.release.xcconfig */ = {isa = PBXFileReference; includeInIndex = 1; lastKnownFileType = text.xcconfig; name = "Pods-GENEPSE.release.xcconfig"; path = "Pods/Target Support Files/Pods-GENEPSE/Pods-GENEPSE.release.xcconfig"; sourceTree = "<group>"; };
		3750608E1FC0B57300BBB14D /* OriginUITabBarController.swift */ = {isa = PBXFileReference; lastKnownFileType = sourcecode.swift; path = OriginUITabBarController.swift; sourceTree = "<group>"; };
		375060901FC0B99C00BBB14D /* OriginUInavigationController.swift */ = {isa = PBXFileReference; lastKnownFileType = sourcecode.swift; path = OriginUInavigationController.swift; sourceTree = "<group>"; };
		375060921FC0BE4F00BBB14D /* ChatViewController.swift */ = {isa = PBXFileReference; lastKnownFileType = sourcecode.swift; path = ChatViewController.swift; sourceTree = "<group>"; };
		3777C1901FC100EC00D3562D /* ReadCard.swift */ = {isa = PBXFileReference; lastKnownFileType = sourcecode.swift; path = ReadCard.swift; sourceTree = "<group>"; };
		3777C1921FC1011400D3562D /* Card.swift */ = {isa = PBXFileReference; lastKnownFileType = sourcecode.swift; path = Card.swift; sourceTree = "<group>"; };
		3786DCE11FC00EA700E80AB9 /* GENEPSE.app */ = {isa = PBXFileReference; explicitFileType = wrapper.application; includeInIndex = 0; path = GENEPSE.app; sourceTree = BUILT_PRODUCTS_DIR; };
		3786DCE41FC00EA700E80AB9 /* AppDelegate.swift */ = {isa = PBXFileReference; lastKnownFileType = sourcecode.swift; path = AppDelegate.swift; sourceTree = "<group>"; };
		3786DCED1FC00EA700E80AB9 /* Assets.xcassets */ = {isa = PBXFileReference; lastKnownFileType = folder.assetcatalog; path = Assets.xcassets; sourceTree = "<group>"; };
		3786DCF01FC00EA700E80AB9 /* Base */ = {isa = PBXFileReference; lastKnownFileType = file.storyboard; name = Base; path = Base.lproj/LaunchScreen.storyboard; sourceTree = "<group>"; };
		3786DCF21FC00EA700E80AB9 /* Info.plist */ = {isa = PBXFileReference; lastKnownFileType = text.plist.xml; path = Info.plist; sourceTree = "<group>"; };
		3786DCF81FC0136E00E80AB9 /* SignUp.storyboard */ = {isa = PBXFileReference; lastKnownFileType = file.storyboard; path = SignUp.storyboard; sourceTree = "<group>"; };
		3786DCFD1FC016A100E80AB9 /* Main.storyboard */ = {isa = PBXFileReference; lastKnownFileType = file.storyboard; path = Main.storyboard; sourceTree = "<group>"; };
		3786DCFF1FC01EBE00E80AB9 /* MyProfile.storyboard */ = {isa = PBXFileReference; lastKnownFileType = file.storyboard; path = MyProfile.storyboard; sourceTree = "<group>"; };
		3786DD011FC01EC900E80AB9 /* Chat.storyboard */ = {isa = PBXFileReference; lastKnownFileType = file.storyboard; path = Chat.storyboard; sourceTree = "<group>"; };
		3786DD031FC01EE300E80AB9 /* UserProfile.storyboard */ = {isa = PBXFileReference; lastKnownFileType = file.storyboard; path = UserProfile.storyboard; sourceTree = "<group>"; };
		3786DD051FC0217800E80AB9 /* TimeLine.storyboard */ = {isa = PBXFileReference; lastKnownFileType = file.storyboard; path = TimeLine.storyboard; sourceTree = "<group>"; };
		3786DD151FC0545E00E80AB9 /* Card.xib */ = {isa = PBXFileReference; lastKnownFileType = file.xib; path = Card.xib; sourceTree = "<group>"; };
		3786DD1A1FC0576400E80AB9 /* sample1.png */ = {isa = PBXFileReference; lastKnownFileType = image.png; path = sample1.png; sourceTree = "<group>"; };
		BAE8A46EBA638370D8C680BF /* Pods-GENEPSE.debug.xcconfig */ = {isa = PBXFileReference; includeInIndex = 1; lastKnownFileType = text.xcconfig; name = "Pods-GENEPSE.debug.xcconfig"; path = "Pods/Target Support Files/Pods-GENEPSE/Pods-GENEPSE.debug.xcconfig"; sourceTree = "<group>"; };
/* End PBXFileReference section */

/* Begin PBXFrameworksBuildPhase section */
		3786DCDE1FC00EA700E80AB9 /* Frameworks */ = {
			isa = PBXFrameworksBuildPhase;
			buildActionMask = 2147483647;
			files = (
				E52F159891594EBC0665E7B7 /* Pods_GENEPSE.framework in Frameworks */,
			);
			runOnlyForDeploymentPostprocessing = 0;
		};
/* End PBXFrameworksBuildPhase section */

/* Begin PBXGroup section */
		37654BDD2A95D5328EC4989D /* Pods */ = {
			isa = PBXGroup;
			children = (
				BAE8A46EBA638370D8C680BF /* Pods-GENEPSE.debug.xcconfig */,
				1B2D48B6F4244B63C896318B /* Pods-GENEPSE.release.xcconfig */,
			);
			name = Pods;
			sourceTree = "<group>";
		};
		3786DCD81FC00EA700E80AB9 = {
			isa = PBXGroup;
			children = (
				3786DCE31FC00EA700E80AB9 /* GENEPSE */,
				3786DCE21FC00EA700E80AB9 /* Products */,
				37654BDD2A95D5328EC4989D /* Pods */,
				8CACDED15E07376A4B4BB552 /* Frameworks */,
			);
			sourceTree = "<group>";
		};
		3786DCE21FC00EA700E80AB9 /* Products */ = {
			isa = PBXGroup;
			children = (
				3786DCE11FC00EA700E80AB9 /* GENEPSE.app */,
			);
			name = Products;
			sourceTree = "<group>";
		};
		3786DCE31FC00EA700E80AB9 /* GENEPSE */ = {
			isa = PBXGroup;
			children = (
				3786DD191FC0571700E80AB9 /* sample_image */,
				3786DCE41FC00EA700E80AB9 /* AppDelegate.swift */,
				3786DCED1FC00EA700E80AB9 /* Assets.xcassets */,
				3786DCEF1FC00EA700E80AB9 /* LaunchScreen.storyboard */,
				3786DCF21FC00EA700E80AB9 /* Info.plist */,
				3786DCF81FC0136E00E80AB9 /* SignUp.storyboard */,
				3786DCFD1FC016A100E80AB9 /* Main.storyboard */,
				3786DCFF1FC01EBE00E80AB9 /* MyProfile.storyboard */,
				3786DD011FC01EC900E80AB9 /* Chat.storyboard */,
				3786DD031FC01EE300E80AB9 /* UserProfile.storyboard */,
				3786DD051FC0217800E80AB9 /* TimeLine.storyboard */,
				3786DD151FC0545E00E80AB9 /* Card.xib */,
				3750608E1FC0B57300BBB14D /* OriginUITabBarController.swift */,
				375060901FC0B99C00BBB14D /* OriginUInavigationController.swift */,
				375060921FC0BE4F00BBB14D /* ChatViewController.swift */,
				3777C1901FC100EC00D3562D /* ReadCard.swift */,
				3777C1921FC1011400D3562D /* Card.swift */,
			);
			path = GENEPSE;
			sourceTree = "<group>";
		};
		3786DD191FC0571700E80AB9 /* sample_image */ = {
			isa = PBXGroup;
			children = (
				3786DD1A1FC0576400E80AB9 /* sample1.png */,
			);
			path = sample_image;
			sourceTree = "<group>";
		};
		8CACDED15E07376A4B4BB552 /* Frameworks */ = {
			isa = PBXGroup;
			children = (
				06132015016BA89DF8EF0BF7 /* Pods_GENEPSE.framework */,
			);
			name = Frameworks;
			sourceTree = "<group>";
		};
/* End PBXGroup section */

/* Begin PBXNativeTarget section */
		3786DCE01FC00EA700E80AB9 /* GENEPSE */ = {
			isa = PBXNativeTarget;
			buildConfigurationList = 3786DCF51FC00EA700E80AB9 /* Build configuration list for PBXNativeTarget "GENEPSE" */;
			buildPhases = (
				06B83BC7C9B0D19CFE8DC0D7 /* [CP] Check Pods Manifest.lock */,
				3786DCDD1FC00EA700E80AB9 /* Sources */,
				3786DCDE1FC00EA700E80AB9 /* Frameworks */,
				3786DCDF1FC00EA700E80AB9 /* Resources */,
				93E2C0A183ACC5BC0614785F /* [CP] Embed Pods Frameworks */,
				DA79D5EE72688B27CC12650E /* [CP] Copy Pods Resources */,
			);
			buildRules = (
			);
			dependencies = (
			);
			name = GENEPSE;
			productName = GENEPSE;
			productReference = 3786DCE11FC00EA700E80AB9 /* GENEPSE.app */;
			productType = "com.apple.product-type.application";
		};
/* End PBXNativeTarget section */

/* Begin PBXProject section */
		3786DCD91FC00EA700E80AB9 /* Project object */ = {
			isa = PBXProject;
			attributes = {
				LastSwiftUpdateCheck = 0910;
				LastUpgradeCheck = 0910;
				ORGANIZATIONNAME = Kenta;
				TargetAttributes = {
					3786DCE01FC00EA700E80AB9 = {
						CreatedOnToolsVersion = 9.1;
						ProvisioningStyle = Automatic;
					};
				};
			};
			buildConfigurationList = 3786DCDC1FC00EA700E80AB9 /* Build configuration list for PBXProject "GENEPSE" */;
			compatibilityVersion = "Xcode 8.0";
			developmentRegion = en;
			hasScannedForEncodings = 0;
			knownRegions = (
				en,
				Base,
			);
			mainGroup = 3786DCD81FC00EA700E80AB9;
			productRefGroup = 3786DCE21FC00EA700E80AB9 /* Products */;
			projectDirPath = "";
			projectRoot = "";
			targets = (
				3786DCE01FC00EA700E80AB9 /* GENEPSE */,
			);
		};
/* End PBXProject section */

/* Begin PBXResourcesBuildPhase section */
		3786DCDF1FC00EA700E80AB9 /* Resources */ = {
			isa = PBXResourcesBuildPhase;
			buildActionMask = 2147483647;
			files = (
				3786DD021FC01EC900E80AB9 /* Chat.storyboard in Resources */,
				3786DD161FC0545E00E80AB9 /* Card.xib in Resources */,
				3786DD061FC0217800E80AB9 /* TimeLine.storyboard in Resources */,
				3786DCF11FC00EA700E80AB9 /* LaunchScreen.storyboard in Resources */,
				3786DD1B1FC0576400E80AB9 /* sample1.png in Resources */,
				3786DCEE1FC00EA700E80AB9 /* Assets.xcassets in Resources */,
				3786DD001FC01EBE00E80AB9 /* MyProfile.storyboard in Resources */,
				3786DCF91FC0136E00E80AB9 /* SignUp.storyboard in Resources */,
				3786DD041FC01EE300E80AB9 /* UserProfile.storyboard in Resources */,
				3786DCFE1FC016A100E80AB9 /* Main.storyboard in Resources */,
			);
			runOnlyForDeploymentPostprocessing = 0;
		};
/* End PBXResourcesBuildPhase section */

/* Begin PBXShellScriptBuildPhase section */
		06B83BC7C9B0D19CFE8DC0D7 /* [CP] Check Pods Manifest.lock */ = {
			isa = PBXShellScriptBuildPhase;
			buildActionMask = 2147483647;
			files = (
			);
			inputPaths = (
				"${PODS_PODFILE_DIR_PATH}/Podfile.lock",
				"${PODS_ROOT}/Manifest.lock",
			);
			name = "[CP] Check Pods Manifest.lock";
			outputPaths = (
				"$(DERIVED_FILE_DIR)/Pods-GENEPSE-checkManifestLockResult.txt",
			);
			runOnlyForDeploymentPostprocessing = 0;
			shellPath = /bin/sh;
			shellScript = "diff \"${PODS_PODFILE_DIR_PATH}/Podfile.lock\" \"${PODS_ROOT}/Manifest.lock\" > /dev/null\nif [ $? != 0 ] ; then\n    # print error to STDERR\n    echo \"error: The sandbox is not in sync with the Podfile.lock. Run 'pod install' or update your CocoaPods installation.\" >&2\n    exit 1\nfi\n# This output is used by Xcode 'outputs' to avoid re-running this script phase.\necho \"SUCCESS\" > \"${SCRIPT_OUTPUT_FILE_0}\"\n";
			showEnvVarsInLog = 0;
		};
		93E2C0A183ACC5BC0614785F /* [CP] Embed Pods Frameworks */ = {
			isa = PBXShellScriptBuildPhase;
			buildActionMask = 2147483647;
			files = (
			);
			inputPaths = (
				"${SRCROOT}/Pods/Target Support Files/Pods-GENEPSE/Pods-GENEPSE-frameworks.sh",
				"${BUILT_PRODUCTS_DIR}/GoogleToolboxForMac/GoogleToolboxForMac.framework",
				"${BUILT_PRODUCTS_DIR}/JSQMessagesViewController/JSQMessagesViewController.framework",
				"${BUILT_PRODUCTS_DIR}/JSQSystemSoundPlayer/JSQSystemSoundPlayer.framework",
				"${BUILT_PRODUCTS_DIR}/leveldb-library/leveldb.framework",
				"${BUILT_PRODUCTS_DIR}/nanopb/nanopb.framework",
			);
			name = "[CP] Embed Pods Frameworks";
			outputPaths = (
				"${TARGET_BUILD_DIR}/${FRAMEWORKS_FOLDER_PATH}/GoogleToolboxForMac.framework",
				"${TARGET_BUILD_DIR}/${FRAMEWORKS_FOLDER_PATH}/JSQMessagesViewController.framework",
				"${TARGET_BUILD_DIR}/${FRAMEWORKS_FOLDER_PATH}/JSQSystemSoundPlayer.framework",
				"${TARGET_BUILD_DIR}/${FRAMEWORKS_FOLDER_PATH}/leveldb.framework",
				"${TARGET_BUILD_DIR}/${FRAMEWORKS_FOLDER_PATH}/nanopb.framework",
			);
			runOnlyForDeploymentPostprocessing = 0;
			shellPath = /bin/sh;
			shellScript = "\"${SRCROOT}/Pods/Target Support Files/Pods-GENEPSE/Pods-GENEPSE-frameworks.sh\"\n";
			showEnvVarsInLog = 0;
		};
		DA79D5EE72688B27CC12650E /* [CP] Copy Pods Resources */ = {
			isa = PBXShellScriptBuildPhase;
			buildActionMask = 2147483647;
			files = (
			);
			inputPaths = (
			);
			name = "[CP] Copy Pods Resources";
			outputPaths = (
			);
			runOnlyForDeploymentPostprocessing = 0;
			shellPath = /bin/sh;
			shellScript = "\"${SRCROOT}/Pods/Target Support Files/Pods-GENEPSE/Pods-GENEPSE-resources.sh\"\n";
			showEnvVarsInLog = 0;
		};
/* End PBXShellScriptBuildPhase section */

/* Begin PBXSourcesBuildPhase section */
		3786DCDD1FC00EA700E80AB9 /* Sources */ = {
			isa = PBXSourcesBuildPhase;
			buildActionMask = 2147483647;
			files = (
				3750608F1FC0B57300BBB14D /* OriginUITabBarController.swift in Sources */,
				3777C1931FC1011400D3562D /* Card.swift in Sources */,
				375060911FC0B99C00BBB14D /* OriginUInavigationController.swift in Sources */,
				3786DCE51FC00EA700E80AB9 /* AppDelegate.swift in Sources */,
				3777C1911FC100EC00D3562D /* ReadCard.swift in Sources */,
				375060931FC0BE4F00BBB14D /* ChatViewController.swift in Sources */,
			);
			runOnlyForDeploymentPostprocessing = 0;
		};
/* End PBXSourcesBuildPhase section */

/* Begin PBXVariantGroup section */
		3786DCEF1FC00EA700E80AB9 /* LaunchScreen.storyboard */ = {
			isa = PBXVariantGroup;
			children = (
				3786DCF01FC00EA700E80AB9 /* Base */,
			);
			name = LaunchScreen.storyboard;
			sourceTree = "<group>";
		};
/* End PBXVariantGroup section */

/* Begin XCBuildConfiguration section */
		3786DCF31FC00EA700E80AB9 /* Debug */ = {
			isa = XCBuildConfiguration;
			buildSettings = {
				ALWAYS_SEARCH_USER_PATHS = NO;
				CLANG_ANALYZER_NONNULL = YES;
				CLANG_ANALYZER_NUMBER_OBJECT_CONVERSION = YES_AGGRESSIVE;
				CLANG_CXX_LANGUAGE_STANDARD = "gnu++14";
				CLANG_CXX_LIBRARY = "libc++";
				CLANG_ENABLE_MODULES = YES;
				CLANG_ENABLE_OBJC_ARC = YES;
				CLANG_WARN_BLOCK_CAPTURE_AUTORELEASING = YES;
				CLANG_WARN_BOOL_CONVERSION = YES;
				CLANG_WARN_COMMA = YES;
				CLANG_WARN_CONSTANT_CONVERSION = YES;
				CLANG_WARN_DIRECT_OBJC_ISA_USAGE = YES_ERROR;
				CLANG_WARN_DOCUMENTATION_COMMENTS = YES;
				CLANG_WARN_EMPTY_BODY = YES;
				CLANG_WARN_ENUM_CONVERSION = YES;
				CLANG_WARN_INFINITE_RECURSION = YES;
				CLANG_WARN_INT_CONVERSION = YES;
				CLANG_WARN_NON_LITERAL_NULL_CONVERSION = YES;
				CLANG_WARN_OBJC_LITERAL_CONVERSION = YES;
				CLANG_WARN_OBJC_ROOT_CLASS = YES_ERROR;
				CLANG_WARN_RANGE_LOOP_ANALYSIS = YES;
				CLANG_WARN_STRICT_PROTOTYPES = YES;
				CLANG_WARN_SUSPICIOUS_MOVE = YES;
				CLANG_WARN_UNGUARDED_AVAILABILITY = YES_AGGRESSIVE;
				CLANG_WARN_UNREACHABLE_CODE = YES;
				CLANG_WARN__DUPLICATE_METHOD_MATCH = YES;
				CODE_SIGN_IDENTITY = "iPhone Developer";
				COPY_PHASE_STRIP = NO;
				DEBUG_INFORMATION_FORMAT = dwarf;
				ENABLE_STRICT_OBJC_MSGSEND = YES;
				ENABLE_TESTABILITY = YES;
				GCC_C_LANGUAGE_STANDARD = gnu11;
				GCC_DYNAMIC_NO_PIC = NO;
				GCC_NO_COMMON_BLOCKS = YES;
				GCC_OPTIMIZATION_LEVEL = 0;
				GCC_PREPROCESSOR_DEFINITIONS = (
					"DEBUG=1",
					"$(inherited)",
				);
				GCC_WARN_64_TO_32_BIT_CONVERSION = YES;
				GCC_WARN_ABOUT_RETURN_TYPE = YES_ERROR;
				GCC_WARN_UNDECLARED_SELECTOR = YES;
				GCC_WARN_UNINITIALIZED_AUTOS = YES_AGGRESSIVE;
				GCC_WARN_UNUSED_FUNCTION = YES;
				GCC_WARN_UNUSED_VARIABLE = YES;
				IPHONEOS_DEPLOYMENT_TARGET = 11.1;
				MTL_ENABLE_DEBUG_INFO = YES;
				ONLY_ACTIVE_ARCH = YES;
				SDKROOT = iphoneos;
				SWIFT_ACTIVE_COMPILATION_CONDITIONS = DEBUG;
				SWIFT_OPTIMIZATION_LEVEL = "-Onone";
			};
			name = Debug;
		};
		3786DCF41FC00EA700E80AB9 /* Release */ = {
			isa = XCBuildConfiguration;
			buildSettings = {
				ALWAYS_SEARCH_USER_PATHS = NO;
				CLANG_ANALYZER_NONNULL = YES;
				CLANG_ANALYZER_NUMBER_OBJECT_CONVERSION = YES_AGGRESSIVE;
				CLANG_CXX_LANGUAGE_STANDARD = "gnu++14";
				CLANG_CXX_LIBRARY = "libc++";
				CLANG_ENABLE_MODULES = YES;
				CLANG_ENABLE_OBJC_ARC = YES;
				CLANG_WARN_BLOCK_CAPTURE_AUTORELEASING = YES;
				CLANG_WARN_BOOL_CONVERSION = YES;
				CLANG_WARN_COMMA = YES;
				CLANG_WARN_CONSTANT_CONVERSION = YES;
				CLANG_WARN_DIRECT_OBJC_ISA_USAGE = YES_ERROR;
				CLANG_WARN_DOCUMENTATION_COMMENTS = YES;
				CLANG_WARN_EMPTY_BODY = YES;
				CLANG_WARN_ENUM_CONVERSION = YES;
				CLANG_WARN_INFINITE_RECURSION = YES;
				CLANG_WARN_INT_CONVERSION = YES;
				CLANG_WARN_NON_LITERAL_NULL_CONVERSION = YES;
				CLANG_WARN_OBJC_LITERAL_CONVERSION = YES;
				CLANG_WARN_OBJC_ROOT_CLASS = YES_ERROR;
				CLANG_WARN_RANGE_LOOP_ANALYSIS = YES;
				CLANG_WARN_STRICT_PROTOTYPES = YES;
				CLANG_WARN_SUSPICIOUS_MOVE = YES;
				CLANG_WARN_UNGUARDED_AVAILABILITY = YES_AGGRESSIVE;
				CLANG_WARN_UNREACHABLE_CODE = YES;
				CLANG_WARN__DUPLICATE_METHOD_MATCH = YES;
				CODE_SIGN_IDENTITY = "iPhone Developer";
				COPY_PHASE_STRIP = NO;
				DEBUG_INFORMATION_FORMAT = "dwarf-with-dsym";
				ENABLE_NS_ASSERTIONS = NO;
				ENABLE_STRICT_OBJC_MSGSEND = YES;
				GCC_C_LANGUAGE_STANDARD = gnu11;
				GCC_NO_COMMON_BLOCKS = YES;
				GCC_WARN_64_TO_32_BIT_CONVERSION = YES;
				GCC_WARN_ABOUT_RETURN_TYPE = YES_ERROR;
				GCC_WARN_UNDECLARED_SELECTOR = YES;
				GCC_WARN_UNINITIALIZED_AUTOS = YES_AGGRESSIVE;
				GCC_WARN_UNUSED_FUNCTION = YES;
				GCC_WARN_UNUSED_VARIABLE = YES;
				IPHONEOS_DEPLOYMENT_TARGET = 11.1;
				MTL_ENABLE_DEBUG_INFO = NO;
				SDKROOT = iphoneos;
				SWIFT_OPTIMIZATION_LEVEL = "-Owholemodule";
				VALIDATE_PRODUCT = YES;
			};
			name = Release;
		};
		3786DCF61FC00EA700E80AB9 /* Debug */ = {
			isa = XCBuildConfiguration;
			baseConfigurationReference = BAE8A46EBA638370D8C680BF /* Pods-GENEPSE.debug.xcconfig */;
			buildSettings = {
				ASSETCATALOG_COMPILER_APPICON_NAME = AppIcon;
				CODE_SIGN_STYLE = Automatic;
				DEVELOPMENT_TEAM = TLVYAZUQZL;
				INFOPLIST_FILE = GENEPSE/Info.plist;
				LD_RUNPATH_SEARCH_PATHS = "$(inherited) @executable_path/Frameworks";
				PRODUCT_BUNDLE_IDENTIFIER = com.Kenta.GENEPSE;
				PRODUCT_NAME = "$(TARGET_NAME)";
				SWIFT_VERSION = 3.0;
				TARGETED_DEVICE_FAMILY = "1,2";
			};
			name = Debug;
		};
		3786DCF71FC00EA700E80AB9 /* Release */ = {
			isa = XCBuildConfiguration;
			baseConfigurationReference = 1B2D48B6F4244B63C896318B /* Pods-GENEPSE.release.xcconfig */;
			buildSettings = {
				ASSETCATALOG_COMPILER_APPICON_NAME = AppIcon;
				CODE_SIGN_STYLE = Automatic;
				DEVELOPMENT_TEAM = TLVYAZUQZL;
				INFOPLIST_FILE = GENEPSE/Info.plist;
				LD_RUNPATH_SEARCH_PATHS = "$(inherited) @executable_path/Frameworks";
				PRODUCT_BUNDLE_IDENTIFIER = com.Kenta.GENEPSE;
				PRODUCT_NAME = "$(TARGET_NAME)";
				SWIFT_VERSION = 3.0;
				TARGETED_DEVICE_FAMILY = "1,2";
			};
			name = Release;
		};
/* End XCBuildConfiguration section */

/* Begin XCConfigurationList section */
		3786DCDC1FC00EA700E80AB9 /* Build configuration list for PBXProject "GENEPSE" */ = {
			isa = XCConfigurationList;
			buildConfigurations = (
				3786DCF31FC00EA700E80AB9 /* Debug */,
				3786DCF41FC00EA700E80AB9 /* Release */,
			);
			defaultConfigurationIsVisible = 0;
			defaultConfigurationName = Release;
		};
		3786DCF51FC00EA700E80AB9 /* Build configuration list for PBXNativeTarget "GENEPSE" */ = {
			isa = XCConfigurationList;
			buildConfigurations = (
				3786DCF61FC00EA700E80AB9 /* Debug */,
				3786DCF71FC00EA700E80AB9 /* Release */,
			);
			defaultConfigurationIsVisible = 0;
			defaultConfigurationName = Release;
		};
/* End XCConfigurationList section */
	};
	rootObject = 3786DCD91FC00EA700E80AB9 /* Project object */;
}
